
Microsoft Visual Studio Solution File, Format Version 12.00
# Visual Studio Version 17
VisualStudioVersion = 17.4.33205.214
MinimumVisualStudioVersion = 10.0.40219.1
Project("{FAE04EC0-301F-11D3-BF4B-00C04F79EFBC}") = "OrderApi", "OrderApi\OrderApi.csproj", "{ADF63A04-B646-4836-B962-9EBD4FF4C533}"
EndProject
Project("{FAE04EC0-301F-11D3-BF4B-00C04F79EFBC}") = "Domain", "Domain\Domain.csproj", "{FDFA84F7-944B-44B6-AB0F-966510ABDD2D}"
EndProject
Global
	GlobalSection(SolutionConfigurationPlatforms) = preSolution
		Debug|Any CPU = Debug|Any CPU
		Release|Any CPU = Release|Any CPU
	EndGlobalSection
	GlobalSection(ProjectConfigurationPlatforms) = postSolution
		{ADF63A04-B646-4836-B962-9EBD4FF4C533}.Debug|Any CPU.ActiveCfg = Debug|Any CPU
		{ADF63A04-B646-4836-B962-9EBD4FF4C533}.Debug|Any CPU.Build.0 = Debug|Any CPU
		{ADF63A04-B646-4836-B962-9EBD4FF4C533}.Release|Any CPU.ActiveCfg = Release|Any CPU
		{ADF63A04-B646-4836-B962-9EBD4FF4C533}.Release|Any CPU.Build.0 = Release|Any CPU
		{FDFA84F7-944B-44B6-AB0F-966510ABDD2D}.Debug|Any CPU.ActiveCfg = Debug|Any CPU
		{FDFA84F7-944B-44B6-AB0F-966510ABDD2D}.Debug|Any CPU.Build.0 = Debug|Any CPU
		{FDFA84F7-944B-44B6-AB0F-966510ABDD2D}.Release|Any CPU.ActiveCfg = Release|Any CPU
		{FDFA84F7-944B-44B6-AB0F-966510ABDD2D}.Release|Any CPU.Build.0 = Release|Any CPU
	EndGlobalSection
	GlobalSection(SolutionProperties) = preSolution
		HideSolutionNode = FALSE
	EndGlobalSection
	GlobalSection(ExtensibilityGlobals) = postSolution
		SolutionGuid = {95CAA4D5-FD62-4EAD-97D2-444DC499EC36}
	EndGlobalSection
EndGlobal
